Microsoft Visual Studio Solution File, Format Version 12.00
# Visual Studio Version 17
VisualStudioVersion = 17.5.2.0
MinimumVisualStudioVersion = 10.0.40219.1
Project("{FAE04EC0-301F-11D3-BF4B-00C04F79EFBC}") = "Api_HttpRequest", "ApiDoisPontoZero\Api_HttpRequest.csproj", "{B852B3E9-C01A-6C14-840C-012168D3643D}"
EndProject
Global
	GlobalSection(SolutionConfigurationPlatforms) = preSolution
		Debug|Any CPU = Debug|Any CPU
		Release|Any CPU = Release|Any CPU
	EndGlobalSection
	GlobalSection(ProjectConfigurationPlatforms) = postSolution
		{B852B3E9-C01A-6C14-840C-012168D3643D}.Debug|Any CPU.ActiveCfg = Debug|Any CPU
		{B852B3E9-C01A-6C14-840C-012168D3643D}.Debug|Any CPU.Build.0 = Debug|Any CPU
		{B852B3E9-C01A-6C14-840C-012168D3643D}.Release|Any CPU.ActiveCfg = Release|Any CPU
		{B852B3E9-C01A-6C14-840C-012168D3643D}.Release|Any CPU.Build.0 = Release|Any CPU
	EndGlobalSection
	GlobalSection(SolutionProperties) = preSolution
		HideSolutionNode = FALSE
	EndGlobalSection
	GlobalSection(ExtensibilityGlobals) = postSolution
		SolutionGuid = {5BB58647-F574-4258-9420-8F26E748260C}
	EndGlobalSection
EndGlobal
